<?xml version="1.0" encoding="utf-8"?>
<Project ToolsVersion="4.0" xmlns="http://schemas.microsoft.com/developer/msbuild/2003">
  <ItemGroup>
    <Filter Include="src">
      <UniqueIdentifier>{139ad76e-f86f-44f8-a56e-b5e67f143737}</UniqueIdentifier>
    </Filter>
    <Filter Include="src\platform">
      <UniqueIdentifier>{4d35ad73-24dc-4e5d-9cb5-45819facc703}</UniqueIdentifier>
    </Filter>
  </ItemGroup>
  <ItemGroup>
    <ClCompile Include="..\..\src\platform\MultiThreading.cpp">
      <Filter>src\platform</Filter>
    </ClCompile>
    <ClCompile Include="..\..\src\platform\Win32Dialog.cpp">
      <Filter>src\platform</Filter>
    </ClCompile>
    <ClCompile Include="..\..\src\platform\Win32Font.cpp">
      <Filter>src\platform</Filter>
    </ClCompile>
    <ClCompile Include="..\..\src\platform\Win32Platform.cpp">
      <Filter>src\platform</Filter>
    </ClCompile>
  </ItemGroup>
  <ItemGroup>
    <ClInclude Include="..\..\src\platform\IPlatform.hpp">
      <Filter>src\platform</Filter>
    </ClInclude>
    <ClInclude Include="..\..\src\platform\InputEvents.hpp">
      <Filter>src\platform</Filter>
    </ClInclude>
    <ClInclude Include="..\..\src\platform\MultiThreading.hpp">
      <Filter>src\platform</Filter>
    </ClInclude>
    <ClInclude Include="..\..\src\platform\Platform.hpp">
      <Filter>src\platform</Filter>
    </ClInclude>
    <ClInclude Include="..\..\src\platform\Win32Dialog.hpp">
      <Filter>src\platform</Filter>
    </ClInclude>
    <ClInclude Include="..\..\src\platform\Win32Font.hpp">
      <Filter>src\platform</Filter>
    </ClInclude>
    <ClInclude Include="..\..\src\platform\Win32Platform.hpp">
      <Filter>src\platform</Filter>
    </ClInclude>
  </ItemGroup>
</Project>